
Microsoft Visual Studio Solution File, Format Version 12.00
# Visual Studio 15
Project("{FAE04EC0-301F-11D3-BF4B-00C04F79EFBC}") = "Assembly-CSharp", "Assembly-CSharp.csproj", "{B864E7D6-28E1-BDAD-8E61-3C59B3F97664}"
EndProject
Project("{FAE04EC0-301F-11D3-BF4B-00C04F79EFBC}") = "Assembly-CSharp-Editor", "Assembly-CSharp-Editor.csproj", "{EC681D07-545C-C332-62A3-2B1AE2473EF3}"
EndProject
Global
	GlobalSection(SolutionConfigurationPlatforms) = preSolution
		Debug|Any CPU = Debug|Any CPU
		Release|Any CPU = Release|Any CPU
	EndGlobalSection
	GlobalSection(ProjectConfigurationPlatforms) = postSolution
		{B864E7D6-28E1-BDAD-8E61-3C59B3F97664}.Debug|Any CPU.ActiveCfg = Debug|Any CPU
		{B864E7D6-28E1-BDAD-8E61-3C59B3F97664}.Debug|Any CPU.Build.0 = Debug|Any CPU
		{B864E7D6-28E1-BDAD-8E61-3C59B3F97664}.Release|Any CPU.ActiveCfg = Release|Any CPU
		{B864E7D6-28E1-BDAD-8E61-3C59B3F97664}.Release|Any CPU.Build.0 = Release|Any CPU
		{EC681D07-545C-C332-62A3-2B1AE2473EF3}.Debug|Any CPU.ActiveCfg = Debug|Any CPU
		{EC681D07-545C-C332-62A3-2B1AE2473EF3}.Debug|Any CPU.Build.0 = Debug|Any CPU
		{EC681D07-545C-C332-62A3-2B1AE2473EF3}.Release|Any CPU.ActiveCfg = Release|Any CPU
		{EC681D07-545C-C332-62A3-2B1AE2473EF3}.Release|Any CPU.Build.0 = Release|Any CPU
	EndGlobalSection
	GlobalSection(SolutionProperties) = preSolution
		HideSolutionNode = FALSE
	EndGlobalSection
EndGlobal
